hash: d209a15fff7a1a26f208e3bf3446f33d344d3f3680b03595776f0c120d0f95b0
updated: 2019-06-10T15:46:34.375446404-07:00
imports:
- name: github.com/beorn7/perks
  version: 3a771d992973f24aa725d07868b467d1ddfceafb
  subpackages:
  - quantile
- name: github.com/envoyproxy/data-plane-api
  version: 5d8712556c09c4c630e8d3479eddf212e9c88cd5
- name: github.com/gogo/googleapis
  version: 08a7655d27152912db7aaf4f983275eaf8d128ef
- name: github.com/gogo/protobuf
  version: c0656edd0d9eab7c66d1eb0c568f9039345796f7
  subpackages:
  - proto
- name: github.com/golang/protobuf
  version: 1643683e1b54a9e88ad26d98f81400c8c9d9f4f9
  subpackages:
  - proto
- name: github.com/kelseyhightower/envconfig
  version: dd1402a4d99de9ac2f396cd6fcb957bc2c695ec1
- name: github.com/konsorten/go-windows-terminal-sequences
  version: f55edac94c9bbba5d6182a4be46d86a2c9b5b50e
- name: github.com/lyft/protoc-gen-validate
  version: 930a67cf7ba41b9d9436ad7a1be70a5d5ff6e1fc
- name: github.com/matttproud/golang_protobuf_extensions
  version: c12348ce28de40eed0136aa2b644d0ee0650e56c
  subpackages:
  - pbutil
- name: github.com/onsi/gomega
  version: 90e289841c1ed79b7a598a7cd9959750cb5e89e2
- name: github.com/projectcalico/libcalico-go
  version: 7dfa0676b8ea724cb5786a912697253e3c8bdb08
  repo: git@github.com:tigera/libcalico-go-private.git
  subpackages:
  - lib/logutils
- name: github.com/prometheus/client_golang
  version: 505eaef017263e299324067d40ca2c48f6a2cf50
  subpackages:
  - prometheus
  - prometheus/internal
- name: github.com/prometheus/client_model
  version: 5c3871d89910bfb32f5fcab2aa4b9ec68e65a99f
  subpackages:
  - go
- name: github.com/prometheus/common
  version: 4724e9255275ce38f7179b2478abeae4e28c904f
  subpackages:
  - expfmt
  - internal/bitbucket.org/ww/goautoneg
  - model
- name: github.com/prometheus/procfs
  version: 1dc9a6cbc91aacc3e8b2d63db4d2e957a5394ac4
  subpackages:
  - internal/util
  - nfs
  - xfs
- name: github.com/sirupsen/logrus
  version: 839c75faf7f98a33d445d181f3018b5c3409a45e
- name: golang.org/x/net
  version: 1c05540f6879653db88113bc4a2b70aec4bd491f
  subpackages:
  - context
  - http2
  - http2/hpack
  - idna
  - internal/timeseries
  - lex/httplex
  - trace
- name: golang.org/x/sys
  version: 1b2967e3c290b7c545b3db0deeda16e9be4f98a2
  subpackages:
  - unix
- name: golang.org/x/text
  version: b19bf474d317b857955b12035d2c5acb57ce8b01
  subpackages:
  - secure/bidirule
  - transform
  - unicode/bidi
  - unicode/norm
- name: google.golang.org/grpc
  version: 8050b9cbc271307e5a716a9d782803d09b0d6f2d
  subpackages:
  - codes
  - credentials
  - grpclog
  - internal
  - keepalive
  - metadata
  - naming
  - peer
  - stats
  - tap
  - transport
testImports: []
